<Solution>
  <Folder Name="/src/">
    <Project Path="src/IID.Api/IID.Api.csproj" />
    <Project Path="src/IID.Application/IID.Application.csproj" />
    <Project Path="src/IID.Domain/IID.Domain.csproj" />
    <Project Path="src/IID.Infrastructure/IID.Infrastructure.csproj" />
  </Folder>
  <Folder Name="/tests/">
    <Project Path="tests/IID.Api.Tests/IID.Api.Tests.csproj" />
    <Project Path="tests/IID.Application.Tests/IID.Application.Tests.csproj" />
    <Project Path="tests/IID.Domain.Tests/IID.Domain.Tests.csproj" />
    <Project Path="tests/IID.Infrastructure.Tests/IID.Infrastructure.Tests.csproj" />
  </Folder>
</Solution>
